// !$*UTF8*$!
{
	archiveVersion = 1;
	classes = {
	};
	objectVersion = 50;
	objects = {

/* Begin PBXBuildFile section */
		1F4A790C244812B60001CC3D /* AppDelegate.m in Sources */ = {isa = PBXBuildFile; fileRef = 1F4A790B244812B60001CC3D /* AppDelegate.m */; };
		1F4A7917244812BA0001CC3D /* Assets.xcassets in Resources */ = {isa = PBXBuildFile; fileRef = 1F4A7916244812BA0001CC3D /* Assets.xcassets */; };
		1F4A791A244812BA0001CC3D /* LaunchScreen.storyboard in Resources */ = {isa = PBXBuildFile; fileRef = 1F4A7918244812BA0001CC3D /* LaunchScreen.storyboard */; };
		1F4A791D244812BA0001CC3D /* main.m in Sources */ = {isa = PBXBuildFile; fileRef = 1F4A791C244812BA0001CC3D /* main.m */; };
		1F4A79262448136D0001CC3D /* HomeViewController.m in Sources */ = {isa = PBXBuildFile; fileRef = 1F4A79252448136D0001CC3D /* HomeViewController.m */; };
		1F4A79292448144D0001CC3D /* QrCodeViewController.m in Sources */ = {isa = PBXBuildFile; fileRef = 1F4A79282448144D0001CC3D /* QrCodeViewController.m */; };
/* End PBXBuildFile section */

/* Begin PBXFileReference section */
		1F4A7907244812B60001CC3D /* MyQrCode.app */ = {isa = PBXFileReference; explicitFileType = wrapper.application; includeInIndex = 0; path = MyQrCode.app; sourceTree = BUILT_PRODUCTS_DIR; };
		1F4A790A244812B60001CC3D /* AppDelegate.h */ = {isa = PBXFileReference; lastKnownFileType = sourcecode.c.h; path = AppDelegate.h; sourceTree = "<group>"; };
		1F4A790B244812B60001CC3D /* AppDelegate.m */ = {isa = PBXFileReference; lastKnownFileType = sourcecode.c.objc; path = AppDelegate.m; sourceTree = "<group>"; };
		1F4A7916244812BA0001CC3D /* Assets.xcassets */ = {isa = PBXFileReference; lastKnownFileType = folder.assetcatalog; path = Assets.xcassets; sourceTree = "<group>"; };
		1F4A7919244812BA0001CC3D /* Base */ = {isa = PBXFileReference; lastKnownFileType = file.storyboard; name = Base; path = Base.lproj/LaunchScreen.storyboard; sourceTree = "<group>"; };
		1F4A791B244812BA0001CC3D /* Info.plist */ = {isa = PBXFileReference; lastKnownFileType = text.plist.xml; path = Info.plist; sourceTree = "<group>"; };
		1F4A791C244812BA0001CC3D /* main.m */ = {isa = PBXFileReference; lastKnownFileType = sourcecode.c.objc; path = main.m; sourceTree = "<group>"; };
		1F4A79242448136D0001CC3D /* HomeViewController.h */ = {isa = PBXFileReference; lastKnownFileType = sourcecode.c.h; path = HomeViewController.h; sourceTree = "<group>"; };
		1F4A79252448136D0001CC3D /* HomeViewController.m */ = {isa = PBXFileReference; lastKnownFileType = sourcecode.c.objc; path = HomeViewController.m; sourceTree = "<group>"; };
		1F4A79272448144D0001CC3D /* QrCodeViewController.h */ = {isa = PBXFileReference; lastKnownFileType = sourcecode.c.h; path = QrCodeViewController.h; sourceTree = "<group>"; };
		1F4A79282448144D0001CC3D /* QrCodeViewController.m */ = {isa = PBXFileReference; lastKnownFileType = sourcecode.c.objc; path = QrCodeViewController.m; sourceTree = "<group>"; };
/* End PBXFileReference section */

/* Begin PBXFrameworksBuildPhase section */
		1F4A7904244812B60001CC3D /* Frameworks */ = {
			isa = PBXFrameworksBuildPhase;
			buildActionMask = 2147483647;
			files = (
			);
			runOnlyForDeploymentPostprocessing = 0;
		};
/* End PBXFrameworksBuildPhase section */

/* Begin PBXGroup section */
		1F4A78FE244812B60001CC3D = {
			isa = PBXGroup;
			children = (
				1F4A7909244812B60001CC3D /* MyQrCode */,
				1F4A7908244812B60001CC3D /* Products */,
			);
			sourceTree = "<group>";
		};
		1F4A7908244812B60001CC3D /* Products */ = {
			isa = PBXGroup;
			children = (
				1F4A7907244812B60001CC3D /* MyQrCode.app */,
			);
			name = Products;
			sourceTree = "<group>";
		};
		1F4A7909244812B60001CC3D /* MyQrCode */ = {
			isa = PBXGroup;
			children = (
				1F4A79232448132A0001CC3D /* Class */,
				1F4A790A244812B60001CC3D /* AppDelegate.h */,
				1F4A790B244812B60001CC3D /* AppDelegate.m */,
				1F4A7916244812BA0001CC3D /* Assets.xcassets */,
				1F4A7918244812BA0001CC3D /* LaunchScreen.storyboard */,
				1F4A791B244812BA0001CC3D /* Info.plist */,
				1F4A791C244812BA0001CC3D /* main.m */,
			);
			path = MyQrCode;
			sourceTree = "<group>";
		};
		1F4A79232448132A0001CC3D /* Class */ = {
			isa = PBXGroup;
			children = (
				1F4A79242448136D0001CC3D /* HomeViewController.h */,
				1F4A79252448136D0001CC3D /* HomeViewController.m */,
				1F4A79272448144D0001CC3D /* QrCodeViewController.h */,
				1F4A79282448144D0001CC3D /* QrCodeViewController.m */,
			);
			path = Class;
			sourceTree = "<group>";
		};
/* End PBXGroup section */

/* Begin PBXNativeTarget section */
		1F4A7906244812B60001CC3D /* MyQrCode */ = {
			isa = PBXNativeTarget;
			buildConfigurationList = 1F4A7920244812BA0001CC3D /* Build configuration list for PBXNativeTarget "MyQrCode" */;
			buildPhases = (
				1F4A7903244812B60001CC3D /* Sources */,
				1F4A7904244812B60001CC3D /* Frameworks */,
				1F4A7905244812B60001CC3D /* Resources */,
			);
			buildRules = (
			);
			dependencies = (
			);
			name = MyQrCode;
			productName = MyQrCode;
			productReference = 1F4A7907244812B60001CC3D /* MyQrCode.app */;
			productType = "com.apple.product-type.application";
		};
/* End PBXNativeTarget section */

/* Begin PBXProject section */
		1F4A78FF244812B60001CC3D /* Project object */ = {
			isa = PBXProject;
			attributes = {
				LastUpgradeCheck = 1140;
				ORGANIZATIONNAME = June;
				TargetAttributes = {
					1F4A7906244812B60001CC3D = {
						CreatedOnToolsVersion = 11.4;
					};
				};
			};
			buildConfigurationList = 1F4A7902244812B60001CC3D /* Build configuration list for PBXProject "MyQrCode" */;
			compatibilityVersion = "Xcode 9.3";
			developmentRegion = en;
			hasScannedForEncodings = 0;
			knownRegions = (
				en,
				Base,
			);
			mainGroup = 1F4A78FE244812B60001CC3D;
			productRefGroup = 1F4A7908244812B60001CC3D /* Products */;
			projectDirPath = "";
			projectRoot = "";
			targets = (
				1F4A7906244812B60001CC3D /* MyQrCode */,
			);
		};
/* End PBXProject section */

/* Begin PBXResourcesBuildPhase section */
		1F4A7905244812B60001CC3D /* Resources */ = {
			isa = PBXResourcesBuildPhase;
			buildActionMask = 2147483647;
			files = (
				1F4A791A244812BA0001CC3D /* LaunchScreen.storyboard in Resources */,
				1F4A7917244812BA0001CC3D /* Assets.xcassets in Resources */,
			);
			runOnlyForDeploymentPostprocessing = 0;
		};
/* End PBXResourcesBuildPhase section */

/* Begin PBXSourcesBuildPhase section */
		1F4A7903244812B60001CC3D /* Sources */ = {
			isa = PBXSourcesBuildPhase;
			buildActionMask = 2147483647;
			files = (
				1F4A790C244812B60001CC3D /* AppDelegate.m in Sources */,
				1F4A791D244812BA0001CC3D /* main.m in Sources */,
				1F4A79292448144D0001CC3D /* QrCodeViewController.m in Sources */,
				1F4A79262448136D0001CC3D /* HomeViewController.m in Sources */,
			);
			runOnlyForDeploymentPostprocessing = 0;
		};
/* End PBXSourcesBuildPhase section */

/* Begin PBXVariantGroup section */
		1F4A7918244812BA0001CC3D /* LaunchScreen.storyboard */ = {
			isa = PBXVariantGroup;
			children = (
				1F4A7919244812BA0001CC3D /* Base */,
			);
			name = LaunchScreen.storyboard;
			sourceTree = "<group>";
		};
/* End PBXVariantGroup section */

/* Begin XCBuildConfiguration section */
		1F4A791E244812BA0001CC3D /* Debug */ = {
			isa = XCBuildConfiguration;
			buildSettings = {
				ALWAYS_SEARCH_USER_PATHS = NO;
				CLANG_ANALYZER_NONNULL = YES;
				CLANG_ANALYZER_NUMBER_OBJECT_CONVERSION = YES_AGGRESSIVE;
				CLANG_CXX_LANGUAGE_STANDARD = "gnu++14";
				CLANG_CXX_LIBRARY = "libc++";
				CLANG_ENABLE_MODULES = YES;
				CLANG_ENABLE_OBJC_ARC = YES;
				CLANG_ENABLE_OBJC_WEAK = YES;
				CLANG_WARN_BLOCK_CAPTURE_AUTORELEASING = YES;
				CLANG_WARN_BOOL_CONVERSION = YES;
				CLANG_WARN_COMMA = YES;
				CLANG_WARN_CONSTANT_CONVERSION = YES;
				CLANG_WARN_DEPRECATED_OBJC_IMPLEMENTATIONS = YES;
				CLANG_WARN_DIRECT_OBJC_ISA_USAGE = YES_ERROR;
				CLANG_WARN_DOCUMENTATION_COMMENTS = YES;
				CLANG_WARN_EMPTY_BODY = YES;
				CLANG_WARN_ENUM_CONVERSION = YES;
				CLANG_WARN_INFINITE_RECURSION = YES;
				CLANG_WARN_INT_CONVERSION = YES;
				CLANG_WARN_NON_LITERAL_NULL_CONVERSION = YES;
				CLANG_WARN_OBJC_IMPLICIT_RETAIN_SELF = YES;
				CLANG_WARN_OBJC_LITERAL_CONVERSION = YES;
				CLANG_WARN_OBJC_ROOT_CLASS = YES_ERROR;
				CLANG_WARN_RANGE_LOOP_ANALYSIS = YES;
				CLANG_WARN_STRICT_PROTOTYPES = YES;
				CLANG_WARN_SUSPICIOUS_MOVE = YES;
				CLANG_WARN_UNGUARDED_AVAILABILITY = YES_AGGRESSIVE;
				CLANG_WARN_UNREACHABLE_CODE = YES;
				CLANG_WARN__DUPLICATE_METHOD_MATCH = YES;
				COPY_PHASE_STRIP = NO;
				DEBUG_INFORMATION_FORMAT = dwarf;
				ENABLE_STRICT_OBJC_MSGSEND = YES;
				ENABLE_TESTABILITY = YES;
				GCC_C_LANGUAGE_STANDARD = gnu11;
				GCC_DYNAMIC_NO_PIC = NO;
				GCC_NO_COMMON_BLOCKS = YES;
				GCC_OPTIMIZATION_LEVEL = 0;
				GCC_PREPROCESSOR_DEFINITIONS = (
					"DEBUG=1",
					"$(inherited)",
				);
				GCC_WARN_64_TO_32_BIT_CONVERSION = YES;
				GCC_WARN_ABOUT_RETURN_TYPE = YES_ERROR;
				GCC_WARN_UNDECLARED_SELECTOR = YES;
				GCC_WARN_UNINITIALIZED_AUTOS = YES_AGGRESSIVE;
				GCC_WARN_UNUSED_FUNCTION = YES;
				GCC_WARN_UNUSED_VARIABLE = YES;
				IPHONEOS_DEPLOYMENT_TARGET = 10.0;
				MTL_ENABLE_DEBUG_INFO = INCLUDE_SOURCE;
				MTL_FAST_MATH = YES;
				ONLY_ACTIVE_ARCH = YES;
				SDKROOT = iphoneos;
			};
			name = Debug;
		};
		1F4A791F244812BA0001CC3D /* Release */ = {
			isa = XCBuildConfiguration;
			buildSettings = {
				ALWAYS_SEARCH_USER_PATHS = NO;
				CLANG_ANALYZER_NONNULL = YES;
				CLANG_ANALYZER_NUMBER_OBJECT_CONVERSION = YES_AGGRESSIVE;
				CLANG_CXX_LANGUAGE_STANDARD = "gnu++14";
				CLANG_CXX_LIBRARY = "libc++";
				CLANG_ENABLE_MODULES = YES;
				CLANG_ENABLE_OBJC_ARC = YES;
				CLANG_ENABLE_OBJC_WEAK = YES;
				CLANG_WARN_BLOCK_CAPTURE_AUTORELEASING = YES;
				CLANG_WARN_BOOL_CONVERSION = YES;
				CLANG_WARN_COMMA = YES;
				CLANG_WARN_CONSTANT_CONVERSION = YES;
				CLANG_WARN_DEPRECATED_OBJC_IMPLEMENTATIONS = YES;
				CLANG_WARN_DIRECT_OBJC_ISA_USAGE = YES_ERROR;
				CLANG_WARN_DOCUMENTATION_COMMENTS = YES;
				CLANG_WARN_EMPTY_BODY = YES;
				CLANG_WARN_ENUM_CONVERSION = YES;
				CLANG_WARN_INFINITE_RECURSION = YES;
				CLANG_WARN_INT_CONVERSION = YES;
				CLANG_WARN_NON_LITERAL_NULL_CONVERSION = YES;
				CLANG_WARN_OBJC_IMPLICIT_RETAIN_SELF = YES;
				CLANG_WARN_OBJC_LITERAL_CONVERSION = YES;
				CLANG_WARN_OBJC_ROOT_CLASS = YES_ERROR;
				CLANG_WARN_RANGE_LOOP_ANALYSIS = YES;
				CLANG_WARN_STRICT_PROTOTYPES = YES;
				CLANG_WARN_SUSPICIOUS_MOVE = YES;
				CLANG_WARN_UNGUARDED_AVAILABILITY = YES_AGGRESSIVE;
				CLANG_WARN_UNREACHABLE_CODE = YES;
				CLANG_WARN__DUPLICATE_METHOD_MATCH = YES;
				COPY_PHASE_STRIP = NO;
				DEBUG_INFORMATION_FORMAT = "dwarf-with-dsym";
				ENABLE_NS_ASSERTIONS = NO;
				ENABLE_STRICT_OBJC_MSGSEND = YES;
				GCC_C_LANGUAGE_STANDARD = gnu11;
				GCC_NO_COMMON_BLOCKS = YES;
				GCC_WARN_64_TO_32_BIT_CONVERSION = YES;
				GCC_WARN_ABOUT_RETURN_TYPE = YES_ERROR;
				GCC_WARN_UNDECLARED_SELECTOR = YES;
				GCC_WARN_UNINITIALIZED_AUTOS = YES_AGGRESSIVE;
				GCC_WARN_UNUSED_FUNCTION = YES;
				GCC_WARN_UNUSED_VARIABLE = YES;
				IPHONEOS_DEPLOYMENT_TARGET = 10.0;
				MTL_ENABLE_DEBUG_INFO = NO;
				MTL_FAST_MATH = YES;
				SDKROOT = iphoneos;
				VALIDATE_PRODUCT = YES;
			};
			name = Release;
		};
		1F4A7921244812BA0001CC3D /* Debug */ = {
			isa = XCBuildConfiguration;
			buildSettings = {
				ASSETCATALOG_COMPILER_APPICON_NAME = AppIcon;
				CODE_SIGN_STYLE = Automatic;
				DEVELOPMENT_TEAM = VR9JSFGCU4;
				INFOPLIST_FILE = MyQrCode/Info.plist;
				LD_RUNPATH_SEARCH_PATHS = (
					"$(inherited)",
					"@executable_path/Frameworks",
				);
				PRODUCT_BUNDLE_IDENTIFIER = com.june.qrcode;
				PRODUCT_NAME = "$(TARGET_NAME)";
				TARGETED_DEVICE_FAMILY = 1;
			};
			name = Debug;
		};
		1F4A7922244812BA0001CC3D /* Release */ = {
			isa = XCBuildConfiguration;
			buildSettings = {
				ASSETCATALOG_COMPILER_APPICON_NAME = AppIcon;
				CODE_SIGN_STYLE = Automatic;
				DEVELOPMENT_TEAM = VR9JSFGCU4;
				INFOPLIST_FILE = MyQrCode/Info.plist;
				LD_RUNPATH_SEARCH_PATHS = (
					"$(inherited)",
					"@executable_path/Frameworks",
				);
				PRODUCT_BUNDLE_IDENTIFIER = com.june.qrcode;
				PRODUCT_NAME = "$(TARGET_NAME)";
				TARGETED_DEVICE_FAMILY = 1;
			};
			name = Release;
		};
/* End XCBuildConfiguration section */

/* Begin XCConfigurationList section */
		1F4A7902244812B60001CC3D /* Build configuration list for PBXProject "MyQrCode" */ = {
			isa = XCConfigurationList;
			buildConfigurations = (
				1F4A791E244812BA0001CC3D /* Debug */,
				1F4A791F244812BA0001CC3D /* Release */,
			);
			defaultConfigurationIsVisible = 0;
			defaultConfigurationName = Release;
		};
		1F4A7920244812BA0001CC3D /* Build configuration list for PBXNativeTarget "MyQrCode" */ = {
			isa = XCConfigurationList;
			buildConfigurations = (
				1F4A7921244812BA0001CC3D /* Debug */,
				1F4A7922244812BA0001CC3D /* Release */,
			);
			defaultConfigurationIsVisible = 0;
			defaultConfigurationName = Release;
		};
/* End XCConfigurationList section */
	};
	rootObject = 1F4A78FF244812B60001CC3D /* Project object */;
}
